<?xml version="1.0" encoding="utf-8"?>
<Project ToolsVersion="4.0" xmlns="http://schemas.microsoft.com/developer/msbuild/2003">
  <ItemGroup>
    <Filter Include="Source Files">
      <UniqueIdentifier>{ef3b241a-2fae-4e7b-bd75-f694e7f9afc8}</UniqueIdentifier>
      <Extensions>cpp;c;cxx;rc;def;r;odl;idl;hpj;bat</Extensions>
    </Filter>
    <Filter Include="Header Files">
      <UniqueIdentifier>{3eec4ac1-e73b-4f80-964b-c2a0ed958fd4}</UniqueIdentifier>
      <Extensions>h;hpp;hxx;hm;inl</Extensions>
    </Filter>
    <Filter Include="Resource Files">
      <UniqueIdentifier>{8be88372-87ac-4c25-b4b0-ed259f8cab0a}</UniqueIdentifier>
      <Extensions>ico;cur;bmp;dlg;rc2;rct;bin;rgs;gif;jpg;jpeg;jpe</Extensions>
    </Filter>
  </ItemGroup>
  <ItemGroup>
    <ClCompile Include="..\Soft3DEngine\Camera.cpp">
      <Filter>Source Files</Filter>
    </ClCompile>
    <ClCompile Include="..\Soft3DEngine\CMath.cpp">
      <Filter>Source Files</Filter>
    </ClCompile>
    <ClCompile Include="..\Soft3DEngine\CTriangle.cpp">
      <Filter>Source Files</Filter>
    </ClCompile>
    <ClCompile Include="..\Soft3DEngine\GLMath.cpp">
      <Filter>Source Files</Filter>
    </ClCompile>
    <ClCompile Include="..\Soft3DEngine\Matrix.cpp">
      <Filter>Source Files</Filter>
    </ClCompile>
    <ClCompile Include="..\Soft3DEngine\Scene.cpp">
      <Filter>Source Files</Filter>
    </ClCompile>
    <ClCompile Include="StdAfx.cpp">
      <Filter>Source Files</Filter>
    </ClCompile>
    <ClCompile Include="..\Soft3DEngine\Utils.cpp">
      <Filter>Source Files</Filter>
    </ClCompile>
    <ClCompile Include="..\Soft3DEngine\Vector.cpp">
      <Filter>Source Files</Filter>
    </ClCompile>
    <ClCompile Include="..\Soft3DEngine\VideoBuf.cpp">
      <Filter>Source Files</Filter>
    </ClCompile>
    <ClCompile Include="win32.cpp">
      <Filter>Source Files</Filter>
    </ClCompile>
  </ItemGroup>
  <ItemGroup>
    <ResourceCompile Include="win32.rc">
      <Filter>Source Files</Filter>
    </ResourceCompile>
  </ItemGroup>
  <ItemGroup>
    <ClInclude Include="..\Soft3DEngine\Camera.h">
      <Filter>Header Files</Filter>
    </ClInclude>
    <ClInclude Include="..\Soft3DEngine\CMath.h">
      <Filter>Header Files</Filter>
    </ClInclude>
    <ClInclude Include="..\Soft3DEngine\CTriangle.h">
      <Filter>Header Files</Filter>
    </ClInclude>
    <ClInclude Include="..\Soft3DEngine\Cvert.h">
      <Filter>Header Files</Filter>
    </ClInclude>
    <ClInclude Include="..\Soft3DEngine\GLMath.h">
      <Filter>Header Files</Filter>
    </ClInclude>
    <ClInclude Include="..\Soft3DEngine\Matrix.h">
      <Filter>Header Files</Filter>
    </ClInclude>
    <ClInclude Include="..\Soft3DEngine\Mesh.h">
      <Filter>Header Files</Filter>
    </ClInclude>
    <ClInclude Include="..\Soft3DEngine\Object.h">
      <Filter>Header Files</Filter>
    </ClInclude>
    <ClInclude Include="..\Soft3DEngine\Range.h">
      <Filter>Header Files</Filter>
    </ClInclude>
    <ClInclude Include="..\Soft3DEngine\readmodel.h">
      <Filter>Header Files</Filter>
    </ClInclude>
    <ClInclude Include="..\Soft3DEngine\Scene.h">
      <Filter>Header Files</Filter>
    </ClInclude>
    <ClInclude Include="StdAfx.h">
      <Filter>Header Files</Filter>
    </ClInclude>
    <ClInclude Include="..\Soft3DEngine\Triangle.h">
      <Filter>Header Files</Filter>
    </ClInclude>
    <ClInclude Include="..\Soft3DEngine\Utils.h">
      <Filter>Header Files</Filter>
    </ClInclude>
    <ClInclude Include="..\Soft3DEngine\Vector.h">
      <Filter>Header Files</Filter>
    </ClInclude>
    <ClInclude Include="..\Soft3DEngine\VideoBuf.h">
      <Filter>Header Files</Filter>
    </ClInclude>
    <ClInclude Include="win32.h">
      <Filter>Header Files</Filter>
    </ClInclude>
  </ItemGroup>
  <ItemGroup>
    <Image Include="small.ico">
      <Filter>Resource Files</Filter>
    </Image>
    <Image Include="win32.ico">
      <Filter>Resource Files</Filter>
    </Image>
  </ItemGroup>
</Project>